// !$*UTF8*$!
{
	archiveVersion = 1;
	classes = {
	};
	objectVersion = 46;
	objects = {

/* Begin PBXBuildFile section */
		379449FE1A26F76B00174265 /* AppDelegate.m in Sources */ = {isa = PBXBuildFile; fileRef = 379449FD1A26F76B00174265 /* AppDelegate.m */; };
		37944A001A26F76B00174265 /* main.m in Sources */ = {isa = PBXBuildFile; fileRef = 379449FF1A26F76B00174265 /* main.m */; };
		37944A021A26F76B00174265 /* Images.xcassets in Resources */ = {isa = PBXBuildFile; fileRef = 37944A011A26F76B00174265 /* Images.xcassets */; };
		37944A051A26F76B00174265 /* MainMenu.xib in Resources */ = {isa = PBXBuildFile; fileRef = 37944A031A26F76B00174265 /* MainMenu.xib */; };
		37944A111A26F76B00174265 /* AppSwitcherTests.m in Sources */ = {isa = PBXBuildFile; fileRef = 37944A101A26F76B00174265 /* AppSwitcherTests.m */; };
/* End PBXBuildFile section */

/* Begin PBXContainerItemProxy section */
		37944A0B1A26F76B00174265 /* PBXContainerItemProxy */ = {
			isa = PBXContainerItemProxy;
			containerPortal = 379449EF1A26F76B00174265 /* Project object */;
			proxyType = 1;
			remoteGlobalIDString = 379449F61A26F76B00174265;
			remoteInfo = AppSwitcher;
		};
/* End PBXContainerItemProxy section */

/* Begin PBXFileReference section */
		379449F71A26F76B00174265 /* AppSwitcher.app */ = {isa = PBXFileReference; explicitFileType = wrapper.application; includeInIndex = 0; path = AppSwitcher.app; sourceTree = BUILT_PRODUCTS_DIR; };
		379449FB1A26F76B00174265 /* Info.plist */ = {isa = PBXFileReference; lastKnownFileType = text.plist.xml; path = Info.plist; sourceTree = "<group>"; };
		379449FC1A26F76B00174265 /* AppDelegate.h */ = {isa = PBXFileReference; lastKnownFileType = sourcecode.c.h; path = AppDelegate.h; sourceTree = "<group>"; };
		379449FD1A26F76B00174265 /* AppDelegate.m */ = {isa = PBXFileReference; lastKnownFileType = sourcecode.c.objc; path = AppDelegate.m; sourceTree = "<group>"; };
		379449FF1A26F76B00174265 /* main.m */ = {isa = PBXFileReference; lastKnownFileType = sourcecode.c.objc; path = main.m; sourceTree = "<group>"; };
		37944A011A26F76B00174265 /* Images.xcassets */ = {isa = PBXFileReference; lastKnownFileType = folder.assetcatalog; path = Images.xcassets; sourceTree = "<group>"; };
		37944A041A26F76B00174265 /* Base */ = {isa = PBXFileReference; lastKnownFileType = file.xib; name = Base; path = Base.lproj/MainMenu.xib; sourceTree = "<group>"; };
		37944A0A1A26F76B00174265 /* AppSwitcherTests.xctest */ = {isa = PBXFileReference; explicitFileType = wrapper.cfbundle; includeInIndex = 0; path = AppSwitcherTests.xctest; sourceTree = BUILT_PRODUCTS_DIR; };
		37944A0F1A26F76B00174265 /* Info.plist */ = {isa = PBXFileReference; lastKnownFileType = text.plist.xml; path = Info.plist; sourceTree = "<group>"; };
		37944A101A26F76B00174265 /* AppSwitcherTests.m */ = {isa = PBXFileReference; lastKnownFileType = sourcecode.c.objc; path = AppSwitcherTests.m; sourceTree = "<group>"; };
/* End PBXFileReference section */

/* Begin PBXFrameworksBuildPhase section */
		379449F41A26F76B00174265 /* Frameworks */ = {
			isa = PBXFrameworksBuildPhase;
			buildActionMask = 2147483647;
			files = (
			);
			runOnlyForDeploymentPostprocessing = 0;
		};
		37944A071A26F76B00174265 /* Frameworks */ = {
			isa = PBXFrameworksBuildPhase;
			buildActionMask = 2147483647;
			files = (
			);
			runOnlyForDeploymentPostprocessing = 0;
		};
/* End PBXFrameworksBuildPhase section */

/* Begin PBXGroup section */
		379449EE1A26F76B00174265 = {
			isa = PBXGroup;
			children = (
				379449F91A26F76B00174265 /* AppSwitcher */,
				37944A0D1A26F76B00174265 /* AppSwitcherTests */,
				379449F81A26F76B00174265 /* Products */,
			);
			sourceTree = "<group>";
		};
		379449F81A26F76B00174265 /* Products */ = {
			isa = PBXGroup;
			children = (
				379449F71A26F76B00174265 /* AppSwitcher.app */,
				37944A0A1A26F76B00174265 /* AppSwitcherTests.xctest */,
			);
			name = Products;
			sourceTree = "<group>";
		};
		379449F91A26F76B00174265 /* AppSwitcher */ = {
			isa = PBXGroup;
			children = (
				379449FC1A26F76B00174265 /* AppDelegate.h */,
				379449FD1A26F76B00174265 /* AppDelegate.m */,
				37944A011A26F76B00174265 /* Images.xcassets */,
				37944A031A26F76B00174265 /* MainMenu.xib */,
				379449FA1A26F76B00174265 /* Supporting Files */,
			);
			path = AppSwitcher;
			sourceTree = "<group>";
		};
		379449FA1A26F76B00174265 /* Supporting Files */ = {
			isa = PBXGroup;
			children = (
				379449FB1A26F76B00174265 /* Info.plist */,
				379449FF1A26F76B00174265 /* main.m */,
			);
			name = "Supporting Files";
			sourceTree = "<group>";
		};
		37944A0D1A26F76B00174265 /* AppSwitcherTests */ = {
			isa = PBXGroup;
			children = (
				37944A101A26F76B00174265 /* AppSwitcherTests.m */,
				37944A0E1A26F76B00174265 /* Supporting Files */,
			);
			path = AppSwitcherTests;
			sourceTree = "<group>";
		};
		37944A0E1A26F76B00174265 /* Supporting Files */ = {
			isa = PBXGroup;
			children = (
				37944A0F1A26F76B00174265 /* Info.plist */,
			);
			name = "Supporting Files";
			sourceTree = "<group>";
		};
/* End PBXGroup section */

/* Begin PBXNativeTarget section */
		379449F61A26F76B00174265 /* AppSwitcher */ = {
			isa = PBXNativeTarget;
			buildConfigurationList = 37944A141A26F76B00174265 /* Build configuration list for PBXNativeTarget "AppSwitcher" */;
			buildPhases = (
				379449F31A26F76B00174265 /* Sources */,
				379449F41A26F76B00174265 /* Frameworks */,
				379449F51A26F76B00174265 /* Resources */,
			);
			buildRules = (
			);
			dependencies = (
			);
			name = AppSwitcher;
			productName = AppSwitcher;
			productReference = 379449F71A26F76B00174265 /* AppSwitcher.app */;
			productType = "com.apple.product-type.application";
		};
		37944A091A26F76B00174265 /* AppSwitcherTests */ = {
			isa = PBXNativeTarget;
			buildConfigurationList = 37944A171A26F76B00174265 /* Build configuration list for PBXNativeTarget "AppSwitcherTests" */;
			buildPhases = (
				37944A061A26F76B00174265 /* Sources */,
				37944A071A26F76B00174265 /* Frameworks */,
				37944A081A26F76B00174265 /* Resources */,
			);
			buildRules = (
			);
			dependencies = (
				37944A0C1A26F76B00174265 /* PBXTargetDependency */,
			);
			name = AppSwitcherTests;
			productName = AppSwitcherTests;
			productReference = 37944A0A1A26F76B00174265 /* AppSwitcherTests.xctest */;
			productType = "com.apple.product-type.bundle.unit-test";
		};
/* End PBXNativeTarget section */

/* Begin PBXProject section */
		379449EF1A26F76B00174265 /* Project object */ = {
			isa = PBXProject;
			attributes = {
				LastUpgradeCheck = 0610;
				ORGANIZATIONNAME = nita;
				TargetAttributes = {
					379449F61A26F76B00174265 = {
						CreatedOnToolsVersion = 6.1;
					};
					37944A091A26F76B00174265 = {
						CreatedOnToolsVersion = 6.1;
						TestTargetID = 379449F61A26F76B00174265;
					};
				};
			};
			buildConfigurationList = 379449F21A26F76B00174265 /* Build configuration list for PBXProject "AppSwitcher" */;
			compatibilityVersion = "Xcode 3.2";
			developmentRegion = English;
			hasScannedForEncodings = 0;
			knownRegions = (
				en,
				Base,
			);
			mainGroup = 379449EE1A26F76B00174265;
			productRefGroup = 379449F81A26F76B00174265 /* Products */;
			projectDirPath = "";
			projectRoot = "";
			targets = (
				379449F61A26F76B00174265 /* AppSwitcher */,
				37944A091A26F76B00174265 /* AppSwitcherTests */,
			);
		};
/* End PBXProject section */

/* Begin PBXResourcesBuildPhase section */
		379449F51A26F76B00174265 /* Resources */ = {
			isa = PBXResourcesBuildPhase;
			buildActionMask = 2147483647;
			files = (
				37944A021A26F76B00174265 /* Images.xcassets in Resources */,
				37944A051A26F76B00174265 /* MainMenu.xib in Resources */,
			);
			runOnlyForDeploymentPostprocessing = 0;
		};
		37944A081A26F76B00174265 /* Resources */ = {
			isa = PBXResourcesBuildPhase;
			buildActionMask = 2147483647;
			files = (
			);
			runOnlyForDeploymentPostprocessing = 0;
		};
/* End PBXResourcesBuildPhase section */

/* Begin PBXSourcesBuildPhase section */
		379449F31A26F76B00174265 /* Sources */ = {
			isa = PBXSourcesBuildPhase;
			buildActionMask = 2147483647;
			files = (
				37944A001A26F76B00174265 /* main.m in Sources */,
				379449FE1A26F76B00174265 /* AppDelegate.m in Sources */,
			);
			runOnlyForDeploymentPostprocessing = 0;
		};
		37944A061A26F76B00174265 /* Sources */ = {
			isa = PBXSourcesBuildPhase;
			buildActionMask = 2147483647;
			files = (
				37944A111A26F76B00174265 /* AppSwitcherTests.m in Sources */,
			);
			runOnlyForDeploymentPostprocessing = 0;
		};
/* End PBXSourcesBuildPhase section */

/* Begin PBXTargetDependency section */
		37944A0C1A26F76B00174265 /* PBXTargetDependency */ = {
			isa = PBXTargetDependency;
			target = 379449F61A26F76B00174265 /* AppSwitcher */;
			targetProxy = 37944A0B1A26F76B00174265 /* PBXContainerItemProxy */;
		};
/* End PBXTargetDependency section */

/* Begin PBXVariantGroup section */
		37944A031A26F76B00174265 /* MainMenu.xib */ = {
			isa = PBXVariantGroup;
			children = (
				37944A041A26F76B00174265 /* Base */,
			);
			name = MainMenu.xib;
			sourceTree = "<group>";
		};
/* End PBXVariantGroup section */

/* Begin XCBuildConfiguration section */
		37944A121A26F76B00174265 /* Debug */ = {
			isa = XCBuildConfiguration;
			buildSettings = {
				ALWAYS_SEARCH_USER_PATHS = NO;
				CLANG_CXX_LANGUAGE_STANDARD = "gnu++0x";
				CLANG_CXX_LIBRARY = "libc++";
				CLANG_ENABLE_MODULES = YES;
				CLANG_ENABLE_OBJC_ARC = YES;
				CLANG_WARN_BOOL_CONVERSION = YES;
				CLANG_WARN_CONSTANT_CONVERSION = YES;
				CLANG_WARN_DIRECT_OBJC_ISA_USAGE = YES_ERROR;
				CLANG_WARN_EMPTY_BODY = YES;
				CLANG_WARN_ENUM_CONVERSION = YES;
				CLANG_WARN_INT_CONVERSION = YES;
				CLANG_WARN_OBJC_ROOT_CLASS = YES_ERROR;
				CLANG_WARN_UNREACHABLE_CODE = YES;
				CLANG_WARN__DUPLICATE_METHOD_MATCH = YES;
				CODE_SIGN_IDENTITY = "-";
				COPY_PHASE_STRIP = NO;
				ENABLE_STRICT_OBJC_MSGSEND = YES;
				GCC_C_LANGUAGE_STANDARD = gnu99;
				GCC_DYNAMIC_NO_PIC = NO;
				GCC_OPTIMIZATION_LEVEL = 0;
				GCC_PREPROCESSOR_DEFINITIONS = (
					"DEBUG=1",
					"$(inherited)",
				);
				GCC_SYMBOLS_PRIVATE_EXTERN = NO;
				GCC_WARN_64_TO_32_BIT_CONVERSION = YES;
				GCC_WARN_ABOUT_RETURN_TYPE = YES_ERROR;
				GCC_WARN_UNDECLARED_SELECTOR = YES;
				GCC_WARN_UNINITIALIZED_AUTOS = YES_AGGRESSIVE;
				GCC_WARN_UNUSED_FUNCTION = YES;
				GCC_WARN_UNUSED_VARIABLE = YES;
				MACOSX_DEPLOYMENT_TARGET = 10.10;
				MTL_ENABLE_DEBUG_INFO = YES;
				ONLY_ACTIVE_ARCH = YES;
				SDKROOT = macosx;
			};
			name = Debug;
		};
		37944A131A26F76B00174265 /* Release */ = {
			isa = XCBuildConfiguration;
			buildSettings = {
				ALWAYS_SEARCH_USER_PATHS = NO;
				CLANG_CXX_LANGUAGE_STANDARD = "gnu++0x";
				CLANG_CXX_LIBRARY = "libc++";
				CLANG_ENABLE_MODULES = YES;
				CLANG_ENABLE_OBJC_ARC = YES;
				CLANG_WARN_BOOL_CONVERSION = YES;
				CLANG_WARN_CONSTANT_CONVERSION = YES;
				CLANG_WARN_DIRECT_OBJC_ISA_USAGE = YES_ERROR;
				CLANG_WARN_EMPTY_BODY = YES;
				CLANG_WARN_ENUM_CONVERSION = YES;
				CLANG_WARN_INT_CONVERSION = YES;
				CLANG_WARN_OBJC_ROOT_CLASS = YES_ERROR;
				CLANG_WARN_UNREACHABLE_CODE = YES;
				CLANG_WARN__DUPLICATE_METHOD_MATCH = YES;
				CODE_SIGN_IDENTITY = "-";
				COPY_PHASE_STRIP = YES;
				DEBUG_INFORMATION_FORMAT = "dwarf-with-dsym";
				ENABLE_NS_ASSERTIONS = NO;
				ENABLE_STRICT_OBJC_MSGSEND = YES;
				GCC_C_LANGUAGE_STANDARD = gnu99;
				GCC_WARN_64_TO_32_BIT_CONVERSION = YES;
				GCC_WARN_ABOUT_RETURN_TYPE = YES_ERROR;
				GCC_WARN_UNDECLARED_SELECTOR = YES;
				GCC_WARN_UNINITIALIZED_AUTOS = YES_AGGRESSIVE;
				GCC_WARN_UNUSED_FUNCTION = YES;
				GCC_WARN_UNUSED_VARIABLE = YES;
				MACOSX_DEPLOYMENT_TARGET = 10.10;
				MTL_ENABLE_DEBUG_INFO = NO;
				SDKROOT = macosx;
			};
			name = Release;
		};
		37944A151A26F76B00174265 /* Debug */ = {
			isa = XCBuildConfiguration;
			buildSettings = {
				ASSETCATALOG_COMPILER_APPICON_NAME = AppIcon;
				COMBINE_HIDPI_IMAGES = YES;
				INFOPLIST_FILE = AppSwitcher/Info.plist;
				LD_RUNPATH_SEARCH_PATHS = "$(inherited) @executable_path/../Frameworks";
				PRODUCT_NAME = "$(TARGET_NAME)";
			};
			name = Debug;
		};
		37944A161A26F76B00174265 /* Release */ = {
			isa = XCBuildConfiguration;
			buildSettings = {
				ASSETCATALOG_COMPILER_APPICON_NAME = AppIcon;
				COMBINE_HIDPI_IMAGES = YES;
				INFOPLIST_FILE = AppSwitcher/Info.plist;
				LD_RUNPATH_SEARCH_PATHS = "$(inherited) @executable_path/../Frameworks";
				PRODUCT_NAME = "$(TARGET_NAME)";
			};
			name = Release;
		};
		37944A181A26F76B00174265 /* Debug */ = {
			isa = XCBuildConfiguration;
			buildSettings = {
				BUNDLE_LOADER = "$(TEST_HOST)";
				COMBINE_HIDPI_IMAGES = YES;
				FRAMEWORK_SEARCH_PATHS = (
					"$(DEVELOPER_FRAMEWORKS_DIR)",
					"$(inherited)",
				);
				GCC_PREPROCESSOR_DEFINITIONS = (
					"DEBUG=1",
					"$(inherited)",
				);
				INFOPLIST_FILE = AppSwitcherTests/Info.plist;
				LD_RUNPATH_SEARCH_PATHS = "$(inherited) @executable_path/../Frameworks @loader_path/../Frameworks";
				PRODUCT_NAME = "$(TARGET_NAME)";
				TEST_HOST = "$(BUILT_PRODUCTS_DIR)/AppSwitcher.app/Contents/MacOS/AppSwitcher";
			};
			name = Debug;
		};
		37944A191A26F76B00174265 /* Release */ = {
			isa = XCBuildConfiguration;
			buildSettings = {
				BUNDLE_LOADER = "$(TEST_HOST)";
				COMBINE_HIDPI_IMAGES = YES;
				FRAMEWORK_SEARCH_PATHS = (
					"$(DEVELOPER_FRAMEWORKS_DIR)",
					"$(inherited)",
				);
				INFOPLIST_FILE = AppSwitcherTests/Info.plist;
				LD_RUNPATH_SEARCH_PATHS = "$(inherited) @executable_path/../Frameworks @loader_path/../Frameworks";
				PRODUCT_NAME = "$(TARGET_NAME)";
				TEST_HOST = "$(BUILT_PRODUCTS_DIR)/AppSwitcher.app/Contents/MacOS/AppSwitcher";
			};
			name = Release;
		};
/* End XCBuildConfiguration section */

/* Begin XCConfigurationList section */
		379449F21A26F76B00174265 /* Build configuration list for PBXProject "AppSwitcher" */ = {
			isa = XCConfigurationList;
			buildConfigurations = (
				37944A121A26F76B00174265 /* Debug */,
				37944A131A26F76B00174265 /* Release */,
			);
			defaultConfigurationIsVisible = 0;
			defaultConfigurationName = Release;
		};
		37944A141A26F76B00174265 /* Build configuration list for PBXNativeTarget "AppSwitcher" */ = {
			isa = XCConfigurationList;
			buildConfigurations = (
				37944A151A26F76B00174265 /* Debug */,
				37944A161A26F76B00174265 /* Release */,
			);
			defaultConfigurationIsVisible = 0;
		};
		37944A171A26F76B00174265 /* Build configuration list for PBXNativeTarget "AppSwitcherTests" */ = {
			isa = XCConfigurationList;
			buildConfigurations = (
				37944A181A26F76B00174265 /* Debug */,
				37944A191A26F76B00174265 /* Release */,
			);
			defaultConfigurationIsVisible = 0;
		};
/* End XCConfigurationList section */
	};
	rootObject = 379449EF1A26F76B00174265 /* Project object */;
}
